
Microsoft Visual Studio Solution File, Format Version 12.00
# Visual Studio Version 17
VisualStudioVersion = 17.2.32616.157
MinimumVisualStudioVersion = 10.0.40219.1
Project("{FAE04EC0-301F-11D3-BF4B-00C04F79EFBC}") = "Wife_Main", "Wife_Main\Wife_Main.csproj", "{BD56289D-FA1F-4696-BCF0-D12D109756A9}"
EndProject
Project("{FAE04EC0-301F-11D3-BF4B-00C04F79EFBC}") = "Color_Point", "Color_Point\Color_Point.csproj", "{1E2226F0-7533-4D77-ABB6-894F2C4EB408}"
EndProject
Global
	GlobalSection(SolutionConfigurationPlatforms) = preSolution
		Debug|Any CPU = Debug|Any CPU
		Release|Any CPU = Release|Any CPU
	EndGlobalSection
	GlobalSection(ProjectConfigurationPlatforms) = postSolution
		{BD56289D-FA1F-4696-BCF0-D12D109756A9}.Debug|Any CPU.ActiveCfg = Debug|Any CPU
		{BD56289D-FA1F-4696-BCF0-D12D109756A9}.Debug|Any CPU.Build.0 = Debug|Any CPU
		{BD56289D-FA1F-4696-BCF0-D12D109756A9}.Release|Any CPU.ActiveCfg = Release|Any CPU
		{BD56289D-FA1F-4696-BCF0-D12D109756A9}.Release|Any CPU.Build.0 = Release|Any CPU
		{1E2226F0-7533-4D77-ABB6-894F2C4EB408}.Debug|Any CPU.ActiveCfg = Debug|Any CPU
		{1E2226F0-7533-4D77-ABB6-894F2C4EB408}.Debug|Any CPU.Build.0 = Debug|Any CPU
		{1E2226F0-7533-4D77-ABB6-894F2C4EB408}.Release|Any CPU.ActiveCfg = Release|Any CPU
		{1E2226F0-7533-4D77-ABB6-894F2C4EB408}.Release|Any CPU.Build.0 = Release|Any CPU
	EndGlobalSection
	GlobalSection(SolutionProperties) = preSolution
		HideSolutionNode = FALSE
	EndGlobalSection
	GlobalSection(ExtensibilityGlobals) = postSolution
		SolutionGuid = {52FAEC1D-B52A-41B5-A1FF-CFD025C3FD98}
	EndGlobalSection
EndGlobal
